
Microsoft Visual Studio Solution File, Format Version 12.00
# Visual Studio Version 16
VisualStudioVersion = 16.0.31729.503
MinimumVisualStudioVersion = 10.0.40219.1
Project("{9A19103F-16F7-4668-BE54-9A1E7A4F7556}") = "Entities", "Entities\Entities.csproj", "{38DAB499-65BC-4A94-BCD3-3EE613D72ED7}"
EndProject
Project("{9A19103F-16F7-4668-BE54-9A1E7A4F7556}") = "Core", "Core\Core.csproj", "{203D861C-41C1-4E0C-979F-C971016CC505}"
EndProject
Project("{9A19103F-16F7-4668-BE54-9A1E7A4F7556}") = "DataAccess", "DataAccess\DataAccess.csproj", "{47F1F034-917C-4B15-9396-5A99EBAA1B34}"
EndProject
Project("{9A19103F-16F7-4668-BE54-9A1E7A4F7556}") = "Business", "Business\Business.csproj", "{35985780-601F-4ED9-B214-E01FC579D25B}"
EndProject
Project("{FAE04EC0-301F-11D3-BF4B-00C04F79EFBC}") = "WebAPI", "WebAPI\WebAPI.csproj", "{7927F1DE-07E8-4CB9-B51F-7D806062DFD2}"
EndProject
Global
	GlobalSection(SolutionConfigurationPlatforms) = preSolution
		Debug|Any CPU = Debug|Any CPU
		Release|Any CPU = Release|Any CPU
	EndGlobalSection
	GlobalSection(ProjectConfigurationPlatforms) = postSolution
		{38DAB499-65BC-4A94-BCD3-3EE613D72ED7}.Debug|Any CPU.ActiveCfg = Debug|Any CPU
		{38DAB499-65BC-4A94-BCD3-3EE613D72ED7}.Debug|Any CPU.Build.0 = Debug|Any CPU
		{38DAB499-65BC-4A94-BCD3-3EE613D72ED7}.Release|Any CPU.ActiveCfg = Release|Any CPU
		{38DAB499-65BC-4A94-BCD3-3EE613D72ED7}.Release|Any CPU.Build.0 = Release|Any CPU
		{203D861C-41C1-4E0C-979F-C971016CC505}.Debug|Any CPU.ActiveCfg = Debug|Any CPU
		{203D861C-41C1-4E0C-979F-C971016CC505}.Debug|Any CPU.Build.0 = Debug|Any CPU
		{203D861C-41C1-4E0C-979F-C971016CC505}.Release|Any CPU.ActiveCfg = Release|Any CPU
		{203D861C-41C1-4E0C-979F-C971016CC505}.Release|Any CPU.Build.0 = Release|Any CPU
		{47F1F034-917C-4B15-9396-5A99EBAA1B34}.Debug|Any CPU.ActiveCfg = Debug|Any CPU
		{47F1F034-917C-4B15-9396-5A99EBAA1B34}.Debug|Any CPU.Build.0 = Debug|Any CPU
		{47F1F034-917C-4B15-9396-5A99EBAA1B34}.Release|Any CPU.ActiveCfg = Release|Any CPU
		{47F1F034-917C-4B15-9396-5A99EBAA1B34}.Release|Any CPU.Build.0 = Release|Any CPU
		{35985780-601F-4ED9-B214-E01FC579D25B}.Debug|Any CPU.ActiveCfg = Debug|Any CPU
		{35985780-601F-4ED9-B214-E01FC579D25B}.Debug|Any CPU.Build.0 = Debug|Any CPU
		{35985780-601F-4ED9-B214-E01FC579D25B}.Release|Any CPU.ActiveCfg = Release|Any CPU
		{35985780-601F-4ED9-B214-E01FC579D25B}.Release|Any CPU.Build.0 = Release|Any CPU
		{7927F1DE-07E8-4CB9-B51F-7D806062DFD2}.Debug|Any CPU.ActiveCfg = Debug|Any CPU
		{7927F1DE-07E8-4CB9-B51F-7D806062DFD2}.Debug|Any CPU.Build.0 = Debug|Any CPU
		{7927F1DE-07E8-4CB9-B51F-7D806062DFD2}.Release|Any CPU.ActiveCfg = Release|Any CPU
		{7927F1DE-07E8-4CB9-B51F-7D806062DFD2}.Release|Any CPU.Build.0 = Release|Any CPU
	EndGlobalSection
	GlobalSection(SolutionProperties) = preSolution
		HideSolutionNode = FALSE
	EndGlobalSection
	GlobalSection(ExtensibilityGlobals) = postSolution
		SolutionGuid = {B9CC6487-8B2B-4556-8B20-EE774C526417}
	EndGlobalSection
EndGlobal
